
Microsoft Visual Studio Solution File, Format Version 12.00
# Visual Studio Version 17
VisualStudioVersion = 17.3.32825.248
MinimumVisualStudioVersion = 10.0.40219.1
Project("{FAE04EC0-301F-11D3-BF4B-00C04F79EFBC}") = "CashRegister", "CashRegister\CashRegister.csproj", "{0853C5AF-C8C0-4DBF-B41A-488B84793A9A}"
EndProject
Global
	GlobalSection(SolutionConfigurationPlatforms) = preSolution
		Debug|Any CPU = Debug|Any CPU
		Release|Any CPU = Release|Any CPU
	EndGlobalSection
	GlobalSection(ProjectConfigurationPlatforms) = postSolution
		{0853C5AF-C8C0-4DBF-B41A-488B84793A9A}.Debug|Any CPU.ActiveCfg = Debug|Any CPU
		{0853C5AF-C8C0-4DBF-B41A-488B84793A9A}.Debug|Any CPU.Build.0 = Debug|Any CPU
		{0853C5AF-C8C0-4DBF-B41A-488B84793A9A}.Release|Any CPU.ActiveCfg = Release|Any CPU
		{0853C5AF-C8C0-4DBF-B41A-488B84793A9A}.Release|Any CPU.Build.0 = Release|Any CPU
	EndGlobalSection
	GlobalSection(SolutionProperties) = preSolution
		HideSolutionNode = FALSE
	EndGlobalSection
	GlobalSection(ExtensibilityGlobals) = postSolution
		SolutionGuid = {33D902E0-EF64-4840-96C8-8F562ABF3379}
	EndGlobalSection
EndGlobal
